
Microsoft Visual Studio Solution File, Format Version 12.00
# Visual Studio Version 17
VisualStudioVersion = 17.8.36227.8
MinimumVisualStudioVersion = 10.0.40219.1
Project("{2150E333-8FDC-42A3-9474-1A3956D46DE8}") = "Services", "Services", "{76C5D4F4-74D1-4431-8C2A-DE58111BEC57}"
EndProject
Project("{2150E333-8FDC-42A3-9474-1A3956D46DE8}") = "Catalog", "Catalog", "{C020C425-C6E3-412C-A5F8-CEDDD9640317}"
EndProject
Project("{9A19103F-16F7-4668-BE54-9A1E7A4F7556}") = "Catalog.API", "Services\Catalog\Catalog.API\Catalog.API.csproj", "{AF3FF5B4-02F6-41E1-86A0-B1DF993C42E0}"
EndProject
Project("{2150E333-8FDC-42A3-9474-1A3956D46DE8}") = "BuildingBlocks", "BuildingBlocks", "{B77CDB67-907F-4E69-8FC2-4822D2DA72F4}"
EndProject
Project("{9A19103F-16F7-4668-BE54-9A1E7A4F7556}") = "BuildingBlocks", "BuildingBlocks\BuildingBlocks\BuildingBlocks.csproj", "{735D1CF2-D6D1-4CAA-ACB7-63DF47C9D270}"
EndProject
Project("{2150E333-8FDC-42A3-9474-1A3956D46DE8}") = "Basket", "Basket", "{C8A0E224-8AA2-4A91-8534-DD0ECE2A18E3}"
EndProject
Project("{9A19103F-16F7-4668-BE54-9A1E7A4F7556}") = "Basket.API", "Services\Basket\Basket.API\Basket.API.csproj", "{5911E928-5ED6-4524-961F-D0108D532798}"
EndProject
Project("{2150E333-8FDC-42A3-9474-1A3956D46DE8}") = "Discount", "Discount", "{12D5F894-94B7-4978-BEF8-D0271838C417}"
EndProject
Project("{9A19103F-16F7-4668-BE54-9A1E7A4F7556}") = "Discount.Grpc", "Services\Discount\Discount.Grpc\Discount.Grpc.csproj", "{2949EA46-4C4E-4684-A013-3F5A94A69AD1}"
EndProject
Project("{E53339B2-1760-4266-BCC7-CA923CBCF16C}") = "docker-compose", "docker-compose.dcproj", "{19C40CBF-80E6-422B-81B6-DDF5130C6533}"
EndProject
Project("{2150E333-8FDC-42A3-9474-1A3956D46DE8}") = "Ordering", "Ordering", "{D9FCE78A-0178-42A7-B9BC-5080D7991203}"
EndProject
Project("{9A19103F-16F7-4668-BE54-9A1E7A4F7556}") = "Ordering.API", "Services\Ordering\Ordering.API\Ordering.API.csproj", "{486F7AA8-EFC2-42FD-8F6B-BDB2E26465C7}"
EndProject
Project("{9A19103F-16F7-4668-BE54-9A1E7A4F7556}") = "Ordering.Application", "Services\Ordering\Ordering.Application\Ordering.Application.csproj", "{A649B7E0-59AC-4EBD-BFAB-9215D2E6B154}"
EndProject
Project("{9A19103F-16F7-4668-BE54-9A1E7A4F7556}") = "Ordering.Domain", "Services\Ordering\Ordering.Domain\Ordering.Domain.csproj", "{569951E6-9CAD-488D-B492-F82EDD6A3909}"
EndProject
Project("{9A19103F-16F7-4668-BE54-9A1E7A4F7556}") = "Ordering.Infrastructure", "Services\Ordering\Ordering.Infrastructure\Ordering.Infrastructure.csproj", "{C5EC0E99-B85B-44DD-8189-D1F15F955023}"
EndProject
Project("{9A19103F-16F7-4668-BE54-9A1E7A4F7556}") = "BuildingBlocks.Messaging", "BuildingBlocks\BuildingBlocks.Messaging\BuildingBlocks.Messaging.csproj", "{B8CA1F37-AB07-4645-8539-B0C89FE6019F}"
EndProject
Project("{2150E333-8FDC-42A3-9474-1A3956D46DE8}") = "ApiGateways", "ApiGateways", "{53598F54-90EA-45F8-B79E-4D90C5D83C4D}"
EndProject
Project("{FAE04EC0-301F-11D3-BF4B-00C04F79EFBC}") = "YarpApiGateway", "ApiGateways\YarpApiGateway\YarpApiGateway.csproj", "{23C63EC8-17D0-468B-AC98-BAB809A6C1CC}"
EndProject
Global
	GlobalSection(SolutionConfigurationPlatforms) = preSolution
		Debug|Any CPU = Debug|Any CPU
		Release|Any CPU = Release|Any CPU
	EndGlobalSection
	GlobalSection(ProjectConfigurationPlatforms) = postSolution
		{AF3FF5B4-02F6-41E1-86A0-B1DF993C42E0}.Debug|Any CPU.ActiveCfg = Debug|Any CPU
		{AF3FF5B4-02F6-41E1-86A0-B1DF993C42E0}.Debug|Any CPU.Build.0 = Debug|Any CPU
		{AF3FF5B4-02F6-41E1-86A0-B1DF993C42E0}.Release|Any CPU.ActiveCfg = Release|Any CPU
		{AF3FF5B4-02F6-41E1-86A0-B1DF993C42E0}.Release|Any CPU.Build.0 = Release|Any CPU
		{735D1CF2-D6D1-4CAA-ACB7-63DF47C9D270}.Debug|Any CPU.ActiveCfg = Debug|Any CPU
		{735D1CF2-D6D1-4CAA-ACB7-63DF47C9D270}.Debug|Any CPU.Build.0 = Debug|Any CPU
		{735D1CF2-D6D1-4CAA-ACB7-63DF47C9D270}.Release|Any CPU.ActiveCfg = Release|Any CPU
		{735D1CF2-D6D1-4CAA-ACB7-63DF47C9D270}.Release|Any CPU.Build.0 = Release|Any CPU
		{5911E928-5ED6-4524-961F-D0108D532798}.Debug|Any CPU.ActiveCfg = Debug|Any CPU
		{5911E928-5ED6-4524-961F-D0108D532798}.Debug|Any CPU.Build.0 = Debug|Any CPU
		{5911E928-5ED6-4524-961F-D0108D532798}.Release|Any CPU.ActiveCfg = Release|Any CPU
		{5911E928-5ED6-4524-961F-D0108D532798}.Release|Any CPU.Build.0 = Release|Any CPU
		{2949EA46-4C4E-4684-A013-3F5A94A69AD1}.Debug|Any CPU.ActiveCfg = Debug|Any CPU
		{2949EA46-4C4E-4684-A013-3F5A94A69AD1}.Debug|Any CPU.Build.0 = Debug|Any CPU
		{2949EA46-4C4E-4684-A013-3F5A94A69AD1}.Release|Any CPU.ActiveCfg = Release|Any CPU
		{2949EA46-4C4E-4684-A013-3F5A94A69AD1}.Release|Any CPU.Build.0 = Release|Any CPU
		{19C40CBF-80E6-422B-81B6-DDF5130C6533}.Debug|Any CPU.ActiveCfg = Debug|Any CPU
		{19C40CBF-80E6-422B-81B6-DDF5130C6533}.Debug|Any CPU.Build.0 = Debug|Any CPU
		{19C40CBF-80E6-422B-81B6-DDF5130C6533}.Release|Any CPU.ActiveCfg = Release|Any CPU
		{19C40CBF-80E6-422B-81B6-DDF5130C6533}.Release|Any CPU.Build.0 = Release|Any CPU
		{486F7AA8-EFC2-42FD-8F6B-BDB2E26465C7}.Debug|Any CPU.ActiveCfg = Debug|Any CPU
		{486F7AA8-EFC2-42FD-8F6B-BDB2E26465C7}.Debug|Any CPU.Build.0 = Debug|Any CPU
		{486F7AA8-EFC2-42FD-8F6B-BDB2E26465C7}.Release|Any CPU.ActiveCfg = Release|Any CPU
		{486F7AA8-EFC2-42FD-8F6B-BDB2E26465C7}.Release|Any CPU.Build.0 = Release|Any CPU
		{A649B7E0-59AC-4EBD-BFAB-9215D2E6B154}.Debug|Any CPU.ActiveCfg = Debug|Any CPU
		{A649B7E0-59AC-4EBD-BFAB-9215D2E6B154}.Debug|Any CPU.Build.0 = Debug|Any CPU
		{A649B7E0-59AC-4EBD-BFAB-9215D2E6B154}.Release|Any CPU.ActiveCfg = Release|Any CPU
		{A649B7E0-59AC-4EBD-BFAB-9215D2E6B154}.Release|Any CPU.Build.0 = Release|Any CPU
		{569951E6-9CAD-488D-B492-F82EDD6A3909}.Debug|Any CPU.ActiveCfg = Debug|Any CPU
		{569951E6-9CAD-488D-B492-F82EDD6A3909}.Debug|Any CPU.Build.0 = Debug|Any CPU
		{569951E6-9CAD-488D-B492-F82EDD6A3909}.Release|Any CPU.ActiveCfg = Release|Any CPU
		{569951E6-9CAD-488D-B492-F82EDD6A3909}.Release|Any CPU.Build.0 = Release|Any CPU
		{C5EC0E99-B85B-44DD-8189-D1F15F955023}.Debug|Any CPU.ActiveCfg = Debug|Any CPU
		{C5EC0E99-B85B-44DD-8189-D1F15F955023}.Debug|Any CPU.Build.0 = Debug|Any CPU
		{C5EC0E99-B85B-44DD-8189-D1F15F955023}.Release|Any CPU.ActiveCfg = Release|Any CPU
		{C5EC0E99-B85B-44DD-8189-D1F15F955023}.Release|Any CPU.Build.0 = Release|Any CPU
		{B8CA1F37-AB07-4645-8539-B0C89FE6019F}.Debug|Any CPU.ActiveCfg = Debug|Any CPU
		{B8CA1F37-AB07-4645-8539-B0C89FE6019F}.Debug|Any CPU.Build.0 = Debug|Any CPU
		{B8CA1F37-AB07-4645-8539-B0C89FE6019F}.Release|Any CPU.ActiveCfg = Release|Any CPU
		{B8CA1F37-AB07-4645-8539-B0C89FE6019F}.Release|Any CPU.Build.0 = Release|Any CPU
		{23C63EC8-17D0-468B-AC98-BAB809A6C1CC}.Debug|Any CPU.ActiveCfg = Debug|Any CPU
		{23C63EC8-17D0-468B-AC98-BAB809A6C1CC}.Debug|Any CPU.Build.0 = Debug|Any CPU
		{23C63EC8-17D0-468B-AC98-BAB809A6C1CC}.Release|Any CPU.ActiveCfg = Release|Any CPU
		{23C63EC8-17D0-468B-AC98-BAB809A6C1CC}.Release|Any CPU.Build.0 = Release|Any CPU
	EndGlobalSection
	GlobalSection(SolutionProperties) = preSolution
		HideSolutionNode = FALSE
	EndGlobalSection
	GlobalSection(NestedProjects) = preSolution
		{C020C425-C6E3-412C-A5F8-CEDDD9640317} = {76C5D4F4-74D1-4431-8C2A-DE58111BEC57}
		{AF3FF5B4-02F6-41E1-86A0-B1DF993C42E0} = {C020C425-C6E3-412C-A5F8-CEDDD9640317}
		{735D1CF2-D6D1-4CAA-ACB7-63DF47C9D270} = {B77CDB67-907F-4E69-8FC2-4822D2DA72F4}
		{C8A0E224-8AA2-4A91-8534-DD0ECE2A18E3} = {76C5D4F4-74D1-4431-8C2A-DE58111BEC57}
		{5911E928-5ED6-4524-961F-D0108D532798} = {C8A0E224-8AA2-4A91-8534-DD0ECE2A18E3}
		{12D5F894-94B7-4978-BEF8-D0271838C417} = {76C5D4F4-74D1-4431-8C2A-DE58111BEC57}
		{2949EA46-4C4E-4684-A013-3F5A94A69AD1} = {12D5F894-94B7-4978-BEF8-D0271838C417}
		{D9FCE78A-0178-42A7-B9BC-5080D7991203} = {76C5D4F4-74D1-4431-8C2A-DE58111BEC57}
		{486F7AA8-EFC2-42FD-8F6B-BDB2E26465C7} = {D9FCE78A-0178-42A7-B9BC-5080D7991203}
		{A649B7E0-59AC-4EBD-BFAB-9215D2E6B154} = {D9FCE78A-0178-42A7-B9BC-5080D7991203}
		{569951E6-9CAD-488D-B492-F82EDD6A3909} = {D9FCE78A-0178-42A7-B9BC-5080D7991203}
		{C5EC0E99-B85B-44DD-8189-D1F15F955023} = {D9FCE78A-0178-42A7-B9BC-5080D7991203}
		{B8CA1F37-AB07-4645-8539-B0C89FE6019F} = {B77CDB67-907F-4E69-8FC2-4822D2DA72F4}
		{23C63EC8-17D0-468B-AC98-BAB809A6C1CC} = {53598F54-90EA-45F8-B79E-4D90C5D83C4D}
	EndGlobalSection
	GlobalSection(ExtensibilityGlobals) = postSolution
		SolutionGuid = {2C9292C9-94B4-485E-A618-F977D0D4D61C}
	EndGlobalSection
EndGlobal
