
Microsoft Visual Studio Solution File, Format Version 12.00
# Visual Studio Version 18
VisualStudioVersion = 18.6.11822.322
MinimumVisualStudioVersion = 10.0.40219.1
Project("{2150E333-8FDC-42A3-9474-1A3956D46DE8}") = "Services", "Services", "{76C5D4F4-74D1-4431-8C2A-DE58111BEC57}"
EndProject
Project("{2150E333-8FDC-42A3-9474-1A3956D46DE8}") = "Catalog", "Catalog", "{C020C425-C6E3-412C-A5F8-CEDDD9640317}"
EndProject
Project("{9A19103F-16F7-4668-BE54-9A1E7A4F7556}") = "Catalog.API", "Services\Catalog\Catalog.API\Catalog.API.csproj", "{AF3FF5B4-02F6-41E1-86A0-B1DF993C42E0}"
EndProject
Project("{2150E333-8FDC-42A3-9474-1A3956D46DE8}") = "BuildingBlocks", "BuildingBlocks", "{B77CDB67-907F-4E69-8FC2-4822D2DA72F4}"
EndProject
Project("{9A19103F-16F7-4668-BE54-9A1E7A4F7556}") = "BuildingBlocks", "BuildingBlocks\BuildingBlocks\BuildingBlocks.csproj", "{735D1CF2-D6D1-4CAA-ACB7-63DF47C9D270}"
EndProject
Project("{E53339B2-1760-4266-BCC7-CA923CBCF16C}") = "docker-compose", "Services\docker-compose.dcproj", "{81DDED9D-158B-E303-5F62-77A2896D2A5A}"
EndProject
Project("{2150E333-8FDC-42A3-9474-1A3956D46DE8}") = "Basket", "Basket", "{C8A0E224-8AA2-4A91-8534-DD0ECE2A18E3}"
EndProject
Project("{FAE04EC0-301F-11D3-BF4B-00C04F79EFBC}") = "Basket.API", "Services\Basket\Basket.API\Basket.API.csproj", "{5911E928-5ED6-4524-961F-D0108D532798}"
EndProject
Project("{2150E333-8FDC-42A3-9474-1A3956D46DE8}") = "Discount", "Discount", "{12D5F894-94B7-4978-BEF8-D0271838C417}"
EndProject
Project("{FAE04EC0-301F-11D3-BF4B-00C04F79EFBC}") = "Discount.Grpc", "Services\Discount\Discount.Grpc\Discount.Grpc.csproj", "{2949EA46-4C4E-4684-A013-3F5A94A69AD1}"
EndProject
Global
	GlobalSection(SolutionConfigurationPlatforms) = preSolution
		Debug|Any CPU = Debug|Any CPU
		Release|Any CPU = Release|Any CPU
	EndGlobalSection
	GlobalSection(ProjectConfigurationPlatforms) = postSolution
		{AF3FF5B4-02F6-41E1-86A0-B1DF993C42E0}.Debug|Any CPU.ActiveCfg = Debug|Any CPU
		{AF3FF5B4-02F6-41E1-86A0-B1DF993C42E0}.Debug|Any CPU.Build.0 = Debug|Any CPU
		{AF3FF5B4-02F6-41E1-86A0-B1DF993C42E0}.Release|Any CPU.ActiveCfg = Release|Any CPU
		{AF3FF5B4-02F6-41E1-86A0-B1DF993C42E0}.Release|Any CPU.Build.0 = Release|Any CPU
		{735D1CF2-D6D1-4CAA-ACB7-63DF47C9D270}.Debug|Any CPU.ActiveCfg = Debug|Any CPU
		{735D1CF2-D6D1-4CAA-ACB7-63DF47C9D270}.Debug|Any CPU.Build.0 = Debug|Any CPU
		{735D1CF2-D6D1-4CAA-ACB7-63DF47C9D270}.Release|Any CPU.ActiveCfg = Release|Any CPU
		{735D1CF2-D6D1-4CAA-ACB7-63DF47C9D270}.Release|Any CPU.Build.0 = Release|Any CPU
		{81DDED9D-158B-E303-5F62-77A2896D2A5A}.Debug|Any CPU.ActiveCfg = Debug|Any CPU
		{81DDED9D-158B-E303-5F62-77A2896D2A5A}.Debug|Any CPU.Build.0 = Debug|Any CPU
		{81DDED9D-158B-E303-5F62-77A2896D2A5A}.Release|Any CPU.ActiveCfg = Release|Any CPU
		{81DDED9D-158B-E303-5F62-77A2896D2A5A}.Release|Any CPU.Build.0 = Release|Any CPU
		{5911E928-5ED6-4524-961F-D0108D532798}.Debug|Any CPU.ActiveCfg = Debug|Any CPU
		{5911E928-5ED6-4524-961F-D0108D532798}.Debug|Any CPU.Build.0 = Debug|Any CPU
		{5911E928-5ED6-4524-961F-D0108D532798}.Release|Any CPU.ActiveCfg = Release|Any CPU
		{5911E928-5ED6-4524-961F-D0108D532798}.Release|Any CPU.Build.0 = Release|Any CPU
		{2949EA46-4C4E-4684-A013-3F5A94A69AD1}.Debug|Any CPU.ActiveCfg = Debug|Any CPU
		{2949EA46-4C4E-4684-A013-3F5A94A69AD1}.Debug|Any CPU.Build.0 = Debug|Any CPU
		{2949EA46-4C4E-4684-A013-3F5A94A69AD1}.Release|Any CPU.ActiveCfg = Release|Any CPU
		{2949EA46-4C4E-4684-A013-3F5A94A69AD1}.Release|Any CPU.Build.0 = Release|Any CPU
	EndGlobalSection
	GlobalSection(SolutionProperties) = preSolution
		HideSolutionNode = FALSE
	EndGlobalSection
	GlobalSection(NestedProjects) = preSolution
		{C020C425-C6E3-412C-A5F8-CEDDD9640317} = {76C5D4F4-74D1-4431-8C2A-DE58111BEC57}
		{AF3FF5B4-02F6-41E1-86A0-B1DF993C42E0} = {C020C425-C6E3-412C-A5F8-CEDDD9640317}
		{735D1CF2-D6D1-4CAA-ACB7-63DF47C9D270} = {B77CDB67-907F-4E69-8FC2-4822D2DA72F4}
		{C8A0E224-8AA2-4A91-8534-DD0ECE2A18E3} = {76C5D4F4-74D1-4431-8C2A-DE58111BEC57}
		{5911E928-5ED6-4524-961F-D0108D532798} = {C8A0E224-8AA2-4A91-8534-DD0ECE2A18E3}
		{12D5F894-94B7-4978-BEF8-D0271838C417} = {76C5D4F4-74D1-4431-8C2A-DE58111BEC57}
		{2949EA46-4C4E-4684-A013-3F5A94A69AD1} = {12D5F894-94B7-4978-BEF8-D0271838C417}
	EndGlobalSection
	GlobalSection(ExtensibilityGlobals) = postSolution
		SolutionGuid = {2C9292C9-94B4-485E-A618-F977D0D4D61C}
	EndGlobalSection
EndGlobal
